Microsoft Visual Studio Solution File, Format Version 12.00
# Visual Studio Version 17
VisualStudioVersion = 17.5.2.0
MinimumVisualStudioVersion = 10.0.40219.1
Project("{2150E333-8FDC-42A3-9474-1A3956D46DE8}") = "student-project", "student-project", "{BF845A62-5851-6ACE-50A1-473201465B3C}"
EndProject
Project("{2150E333-8FDC-42A3-9474-1A3956D46DE8}") = "backend-csharp", "backend-csharp", "{66C148E0-FF3C-5350-4E46-B27A8CECC04F}"
EndProject
Project("{FAE04EC0-301F-11D3-BF4B-00C04F79EFBC}") = "StudentApi", "student-project\backend-csharp\StudentApi\StudentApi.csproj", "{2035B468-A1B7-1844-EACA-581278CA21D3}"
EndProject
Global
	GlobalSection(SolutionConfigurationPlatforms) = preSolution
		Debug|Any CPU = Debug|Any CPU
		Release|Any CPU = Release|Any CPU
	EndGlobalSection
	GlobalSection(ProjectConfigurationPlatforms) = postSolution
		{2035B468-A1B7-1844-EACA-581278CA21D3}.Debug|Any CPU.ActiveCfg = Debug|Any CPU
		{2035B468-A1B7-1844-EACA-581278CA21D3}.Debug|Any CPU.Build.0 = Debug|Any CPU
		{2035B468-A1B7-1844-EACA-581278CA21D3}.Release|Any CPU.ActiveCfg = Release|Any CPU
		{2035B468-A1B7-1844-EACA-581278CA21D3}.Release|Any CPU.Build.0 = Release|Any CPU
	EndGlobalSection
	GlobalSection(SolutionProperties) = preSolution
		HideSolutionNode = FALSE
	EndGlobalSection
	GlobalSection(NestedProjects) = preSolution
		{66C148E0-FF3C-5350-4E46-B27A8CECC04F} = {BF845A62-5851-6ACE-50A1-473201465B3C}
		{2035B468-A1B7-1844-EACA-581278CA21D3} = {66C148E0-FF3C-5350-4E46-B27A8CECC04F}
	EndGlobalSection
	GlobalSection(ExtensibilityGlobals) = postSolution
		SolutionGuid = {71835CB5-031C-4E39-8240-3FB6CAA41FCA}
	EndGlobalSection
EndGlobal
